{
  "name": "snodeb-example",
  "version": "1.0.0",
  "lockfileVersion": 3,
  "requires": true,
  "packages": {
    "": {
      "name": "snodeb-example",
      "version": "1.0.0",
      "dependencies": {
        "snodeb": "../../"
      }
    },
    "..": {
      "extraneous": true
    },
    "../..": {
      "name": "snodeb",
      "version": "0.0.1",
      "license": "MIT",
      "dependencies": {
        "glob": "^11.0.1",
        "tar": "^7.4.3",
        "type-fest": "^4.37.0"
      },
      "bin": {
        "snodeb": "dist/index.js"
      },
      "devDependencies": {
        "@types/node": "^20.11.24",
        "@types/tar": "^6.1.13",
        "tsup": "^8.4.0",
        "typescript": "^5.3.3"
      }
    },
    "node_modules/snodeb": {
      "resolved": "../..",
      "link": true
    }
  }
}
